
Microsoft Visual Studio Solution File, Format Version 12.00
# Visual Studio Version 16
VisualStudioVersion = 16.0.30611.23
MinimumVisualStudioVersion = 10.0.40219.1
Project("{FAE04EC0-301F-11D3-BF4B-00C04F79EFBC}") = "KMS_Task_04", "KMS_Task_04.csproj", "{C18F01D5-EB69-48E0-AB20-20848C97EFFC}"
EndProject
Global
	GlobalSection(SolutionConfigurationPlatforms) = preSolution
		Debug|Any CPU = Debug|Any CPU
		Release|Any CPU = Release|Any CPU
	EndGlobalSection
	GlobalSection(ProjectConfigurationPlatforms) = postSolution
		{C18F01D5-EB69-48E0-AB20-20848C97EFFC}.Debug|Any CPU.ActiveCfg = Debug|Any CPU
		{C18F01D5-EB69-48E0-AB20-20848C97EFFC}.Debug|Any CPU.Build.0 = Debug|Any CPU
		{C18F01D5-EB69-48E0-AB20-20848C97EFFC}.Release|Any CPU.ActiveCfg = Release|Any CPU
		{C18F01D5-EB69-48E0-AB20-20848C97EFFC}.Release|Any CPU.Build.0 = Release|Any CPU
	EndGlobalSection
	GlobalSection(SolutionProperties) = preSolution
		HideSolutionNode = FALSE
	EndGlobalSection
	GlobalSection(ExtensibilityGlobals) = postSolution
		SolutionGuid = {E0C7C9AC-A40F-4F97-B152-75BD459CB7C4}
	EndGlobalSection
EndGlobal
